
Microsoft Visual Studio Solution File, Format Version 12.00
# Visual Studio Version 17
VisualStudioVersion = 17.9.34622.214
MinimumVisualStudioVersion = 10.0.40219.1
Project("{FAE04EC0-301F-11D3-BF4B-00C04F79EFBC}") = "LinkShortener.Domain", "LinkShortener.Domain\LinkShortener.Domain.csproj", "{FB4CEEFD-2DD8-405C-8D6A-818ABB785678}"
EndProject
Project("{FAE04EC0-301F-11D3-BF4B-00C04F79EFBC}") = "LinkShortener.Application", "LinkShortener.Application\LinkShortener.Application.csproj", "{7DCCA480-6610-45DD-A936-D71E462D06D5}"
EndProject
Project("{FAE04EC0-301F-11D3-BF4B-00C04F79EFBC}") = "LinkShortener.Infrastructure", "LinkShortener.Infrastructure\LinkShortener.Infrastructure.csproj", "{4E4D49B5-CF49-4A5F-8BDE-3E9A7FDA8FC9}"
EndProject
Project("{FAE04EC0-301F-11D3-BF4B-00C04F79EFBC}") = "LinkShortener.Api", "LinkShortener.Api\LinkShortener.Api.csproj", "{8D8F3377-BC97-436E-B4DC-AE3C2B5D095D}"
EndProject
Project("{FAE04EC0-301F-11D3-BF4B-00C04F79EFBC}") = "LinkShortener.Tests", "LinkShortener.Tests\LinkShortener.Tests.csproj", "{E4FF7A6D-E614-40A3-AE7D-4128D281CC4F}"
EndProject
Project("{FAE04EC0-301F-11D3-BF4B-00C04F79EFBC}") = "KeyGenerator", "KeyGenerator\KeyGenerator.csproj", "{E5508830-152A-4D92-ACDD-E64CFCFBF23A}"
EndProject
Global
	GlobalSection(SolutionConfigurationPlatforms) = preSolution
		Debug|Any CPU = Debug|Any CPU
		Release|Any CPU = Release|Any CPU
	EndGlobalSection
	GlobalSection(ProjectConfigurationPlatforms) = postSolution
		{FB4CEEFD-2DD8-405C-8D6A-818ABB785678}.Debug|Any CPU.ActiveCfg = Debug|Any CPU
		{FB4CEEFD-2DD8-405C-8D6A-818ABB785678}.Debug|Any CPU.Build.0 = Debug|Any CPU
		{FB4CEEFD-2DD8-405C-8D6A-818ABB785678}.Release|Any CPU.ActiveCfg = Release|Any CPU
		{FB4CEEFD-2DD8-405C-8D6A-818ABB785678}.Release|Any CPU.Build.0 = Release|Any CPU
		{7DCCA480-6610-45DD-A936-D71E462D06D5}.Debug|Any CPU.ActiveCfg = Debug|Any CPU
		{7DCCA480-6610-45DD-A936-D71E462D06D5}.Debug|Any CPU.Build.0 = Debug|Any CPU
		{7DCCA480-6610-45DD-A936-D71E462D06D5}.Release|Any CPU.ActiveCfg = Release|Any CPU
		{7DCCA480-6610-45DD-A936-D71E462D06D5}.Release|Any CPU.Build.0 = Release|Any CPU
		{4E4D49B5-CF49-4A5F-8BDE-3E9A7FDA8FC9}.Debug|Any CPU.ActiveCfg = Debug|Any CPU
		{4E4D49B5-CF49-4A5F-8BDE-3E9A7FDA8FC9}.Debug|Any CPU.Build.0 = Debug|Any CPU
		{4E4D49B5-CF49-4A5F-8BDE-3E9A7FDA8FC9}.Release|Any CPU.ActiveCfg = Release|Any CPU
		{4E4D49B5-CF49-4A5F-8BDE-3E9A7FDA8FC9}.Release|Any CPU.Build.0 = Release|Any CPU
		{8D8F3377-BC97-436E-B4DC-AE3C2B5D095D}.Debug|Any CPU.ActiveCfg = Debug|Any CPU
		{8D8F3377-BC97-436E-B4DC-AE3C2B5D095D}.Debug|Any CPU.Build.0 = Debug|Any CPU
		{8D8F3377-BC97-436E-B4DC-AE3C2B5D095D}.Release|Any CPU.ActiveCfg = Release|Any CPU
		{8D8F3377-BC97-436E-B4DC-AE3C2B5D095D}.Release|Any CPU.Build.0 = Release|Any CPU
		{E4FF7A6D-E614-40A3-AE7D-4128D281CC4F}.Debug|Any CPU.ActiveCfg = Debug|Any CPU
		{E4FF7A6D-E614-40A3-AE7D-4128D281CC4F}.Debug|Any CPU.Build.0 = Debug|Any CPU
		{E4FF7A6D-E614-40A3-AE7D-4128D281CC4F}.Release|Any CPU.ActiveCfg = Release|Any CPU
		{E4FF7A6D-E614-40A3-AE7D-4128D281CC4F}.Release|Any CPU.Build.0 = Release|Any CPU
		{E5508830-152A-4D92-ACDD-E64CFCFBF23A}.Debug|Any CPU.ActiveCfg = Debug|Any CPU
		{E5508830-152A-4D92-ACDD-E64CFCFBF23A}.Debug|Any CPU.Build.0 = Debug|Any CPU
		{E5508830-152A-4D92-ACDD-E64CFCFBF23A}.Release|Any CPU.ActiveCfg = Release|Any CPU
		{E5508830-152A-4D92-ACDD-E64CFCFBF23A}.Release|Any CPU.Build.0 = Release|Any CPU
	EndGlobalSection
	GlobalSection(SolutionProperties) = preSolution
		HideSolutionNode = FALSE
	EndGlobalSection
	GlobalSection(ExtensibilityGlobals) = postSolution
		SolutionGuid = {98970B74-F8A9-43F6-B8F9-F7BB436AD3A3}
	EndGlobalSection
EndGlobal
