
Microsoft Visual Studio Solution File, Format Version 12.00
# Visual Studio Version 17
VisualStudioVersion = 17.9.34622.214
MinimumVisualStudioVersion = 10.0.40219.1
Project("{FAE04EC0-301F-11D3-BF4B-00C04F79EFBC}") = "link-shortener", "link-shortener\link-shortener.csproj", "{86F5FBBE-9DF5-40DB-A206-85B61314B183}"
EndProject
Global
	GlobalSection(SolutionConfigurationPlatforms) = preSolution
		Debug|Any CPU = Debug|Any CPU
		Release|Any CPU = Release|Any CPU
	EndGlobalSection
	GlobalSection(ProjectConfigurationPlatforms) = postSolution
		{86F5FBBE-9DF5-40DB-A206-85B61314B183}.Debug|Any CPU.ActiveCfg = Debug|Any CPU
		{86F5FBBE-9DF5-40DB-A206-85B61314B183}.Debug|Any CPU.Build.0 = Debug|Any CPU
		{86F5FBBE-9DF5-40DB-A206-85B61314B183}.Release|Any CPU.ActiveCfg = Release|Any CPU
		{86F5FBBE-9DF5-40DB-A206-85B61314B183}.Release|Any CPU.Build.0 = Release|Any CPU
	EndGlobalSection
	GlobalSection(SolutionProperties) = preSolution
		HideSolutionNode = FALSE
	EndGlobalSection
	GlobalSection(ExtensibilityGlobals) = postSolution
		SolutionGuid = {98970B74-F8A9-43F6-B8F9-F7BB436AD3A3}
	EndGlobalSection
EndGlobal
